
Microsoft Visual Studio Solution File, Format Version 12.00
# Visual Studio Version 17
VisualStudioVersion = 17.0.31903.59
MinimumVisualStudioVersion = 10.0.40219.1
Project("{FAE04EC0-301F-11D3-BF4B-00C04F79EFBC}") = "EduManage.API", "src\EduManage.API\EduManage.API.csproj", "{6B7194E0-C4CD-4FF4-A87C-079F9EF07FF1}"
EndProject
Project("{2150E333-8FDC-42A3-9474-1A3956D46DE8}") = "src", "src", "{2F45B08F-AE76-4453-BB21-4F42B99F1E05}"
EndProject
Project("{FAE04EC0-301F-11D3-BF4B-00C04F79EFBC}") = "EduManage.Application", "src\EduManage.Application\EduManage.Application.csproj", "{6D930927-7C18-46FB-9AD5-4D8DD3205089}"
EndProject
Project("{FAE04EC0-301F-11D3-BF4B-00C04F79EFBC}") = "EduManage.Infrastructure", "src\EduManage.Infrastructure\EduManage.Infrastructure.csproj", "{103AD3B2-3351-47BF-AD6B-329C86747E09}"
EndProject
Project("{FAE04EC0-301F-11D3-BF4B-00C04F79EFBC}") = "EduManage.Domain", "src\EduManage.Domain\EduManage.Domain.csproj", "{D0AE9530-5172-4602-90F2-EE74F7B098B7}"
EndProject
Global
	GlobalSection(SolutionConfigurationPlatforms) = preSolution
		Debug|Any CPU = Debug|Any CPU
		Release|Any CPU = Release|Any CPU
	EndGlobalSection
	GlobalSection(ProjectConfigurationPlatforms) = postSolution
		{6B7194E0-C4CD-4FF4-A87C-079F9EF07FF1}.Debug|Any CPU.ActiveCfg = Debug|Any CPU
		{6B7194E0-C4CD-4FF4-A87C-079F9EF07FF1}.Debug|Any CPU.Build.0 = Debug|Any CPU
		{6B7194E0-C4CD-4FF4-A87C-079F9EF07FF1}.Release|Any CPU.ActiveCfg = Release|Any CPU
		{6B7194E0-C4CD-4FF4-A87C-079F9EF07FF1}.Release|Any CPU.Build.0 = Release|Any CPU
		{6D930927-7C18-46FB-9AD5-4D8DD3205089}.Debug|Any CPU.ActiveCfg = Debug|Any CPU
		{6D930927-7C18-46FB-9AD5-4D8DD3205089}.Debug|Any CPU.Build.0 = Debug|Any CPU
		{6D930927-7C18-46FB-9AD5-4D8DD3205089}.Release|Any CPU.ActiveCfg = Release|Any CPU
		{6D930927-7C18-46FB-9AD5-4D8DD3205089}.Release|Any CPU.Build.0 = Release|Any CPU
		{103AD3B2-3351-47BF-AD6B-329C86747E09}.Debug|Any CPU.ActiveCfg = Debug|Any CPU
		{103AD3B2-3351-47BF-AD6B-329C86747E09}.Debug|Any CPU.Build.0 = Debug|Any CPU
		{103AD3B2-3351-47BF-AD6B-329C86747E09}.Release|Any CPU.ActiveCfg = Release|Any CPU
		{103AD3B2-3351-47BF-AD6B-329C86747E09}.Release|Any CPU.Build.0 = Release|Any CPU
		{D0AE9530-5172-4602-90F2-EE74F7B098B7}.Debug|Any CPU.ActiveCfg = Debug|Any CPU
		{D0AE9530-5172-4602-90F2-EE74F7B098B7}.Debug|Any CPU.Build.0 = Debug|Any CPU
		{D0AE9530-5172-4602-90F2-EE74F7B098B7}.Release|Any CPU.ActiveCfg = Release|Any CPU
		{D0AE9530-5172-4602-90F2-EE74F7B098B7}.Release|Any CPU.Build.0 = Release|Any CPU
	EndGlobalSection
	GlobalSection(SolutionProperties) = preSolution
		HideSolutionNode = FALSE
	EndGlobalSection
	GlobalSection(NestedProjects) = preSolution
		{6B7194E0-C4CD-4FF4-A87C-079F9EF07FF1} = {2F45B08F-AE76-4453-BB21-4F42B99F1E05}
		{6D930927-7C18-46FB-9AD5-4D8DD3205089} = {2F45B08F-AE76-4453-BB21-4F42B99F1E05}
		{103AD3B2-3351-47BF-AD6B-329C86747E09} = {2F45B08F-AE76-4453-BB21-4F42B99F1E05}
		{D0AE9530-5172-4602-90F2-EE74F7B098B7} = {2F45B08F-AE76-4453-BB21-4F42B99F1E05}
	EndGlobalSection
	GlobalSection(ExtensibilityGlobals) = postSolution
		SolutionGuid = {A0144775-1F4D-4284-8D13-C743D76522E0}
	EndGlobalSection
EndGlobal
